{
  "version": 1,
  "dependencies": {
    "net10.0": {
      "Microsoft.DotNet.ILCompiler": {
        "type": "Direct",
        "requested": "[10.0.0-preview.6.25358.103, )",
        "resolved": "10.0.0-preview.6.25358.103",
        "contentHash": "+bEoavvMKwx3xRAgUajaFiu3bdRuWCEhf+rkaubJM9jjq6Oj38y9eOlhMNwdnqg6FptLaL4DB79H/Y+A7V5nVw=="
      },
      "Microsoft.NET.ILLink.Tasks": {
        "type": "Direct",
        "requested": "[10.0.0-preview.6.25358.103, )",
        "resolved": "10.0.0-preview.6.25358.103",
        "contentHash": "+3mK1T4Y/M+u0fIlw3nDoTgOQGvVt3jPqpI9S8TBXFYJ1WnjCTbvwv+yLML9NyqaXpBg4jWV7EgIH9JWCOpa9Q=="
      }
    },
    "net10.0/linux-x64": {
      "Microsoft.DotNet.ILCompiler": {
        "type": "Direct",
        "requested": "[10.0.0-preview.6.25358.103, )",
        "resolved": "10.0.0-preview.6.25358.103",
        "contentHash": "+bEoavvMKwx3xRAgUajaFiu3bdRuWCEhf+rkaubJM9jjq6Oj38y9eOlhMNwdnqg6FptLaL4DB79H/Y+A7V5nVw==",
        "dependencies": {
          "runtime.linux-x64.Microsoft.DotNet.ILCompiler": "10.0.0-preview.6.25358.103"
        }
      },
      "runtime.linux-x64.Microsoft.DotNet.ILCompiler": {
        "type": "Transitive",
        "resolved": "10.0.0-preview.6.25358.103",
        "contentHash": "1u5Yt5hKVuQ8ZsicT7qIozWH6cSU+nrDe6C4XSVqrEEUQ2fDRQgmfbE9PCAXhTMteua+Rxhm27qWNsRStJEM0g=="
      }
    },
    "net10.0/win-x64": {
      "Microsoft.DotNet.ILCompiler": {
        "type": "Direct",
        "requested": "[10.0.0-preview.6.25358.103, )",
        "resolved": "10.0.0-preview.6.25358.103",
        "contentHash": "+bEoavvMKwx3xRAgUajaFiu3bdRuWCEhf+rkaubJM9jjq6Oj38y9eOlhMNwdnqg6FptLaL4DB79H/Y+A7V5nVw==",
        "dependencies": {
          "runtime.win-x64.Microsoft.DotNet.ILCompiler": "10.0.0-preview.6.25358.103"
        }
      },
      "runtime.win-x64.Microsoft.DotNet.ILCompiler": {
        "type": "Transitive",
        "resolved": "10.0.0-preview.6.25358.103",
        "contentHash": "O0rMnbQYNP8yX6eWeT+p/GVGwOtNPtCw+9FeP/cUh7/7CjPaIoP7NxQUj5HC/gI4WBcNZlklpdQ32xCSuh7s3Q=="
      }
    }
  }
}