{
  "version": 1,
  "dependencies": {
    "net9.0": {
      "Microsoft.DotNet.ILCompiler": {
        "type": "Direct",
        "requested": "[9.0.10, )",
        "resolved": "9.0.10",
        "contentHash": "S8hlK3KFCMLWvFDd1cUJj62bPgmomVdxnELv/Eiauug4uSEHjDkcOLfpiUvurku9iuW3uuyExwPwXX4QsWrmZQ=="
      },
      "Microsoft.NET.ILLink.Tasks": {
        "type": "Direct",
        "requested": "[9.0.10, )",
        "resolved": "9.0.10",
        "contentHash": "sseaSJcBxKEpkc59hnB00b3NmJdGvJLfj74HK+nucHxERxbZSUREuWKjC9ywc+HdzJvJyiP2eiyEOROaGSfcPw=="
      }
    },
    "net9.0/linux-x64": {
      "Microsoft.DotNet.ILCompiler": {
        "type": "Direct",
        "requested": "[9.0.10, )",
        "resolved": "9.0.10",
        "contentHash": "S8hlK3KFCMLWvFDd1cUJj62bPgmomVdxnELv/Eiauug4uSEHjDkcOLfpiUvurku9iuW3uuyExwPwXX4QsWrmZQ==",
        "dependencies": {
          "runtime.linux-x64.Microsoft.DotNet.ILCompiler": "9.0.10"
        }
      },
      "runtime.linux-x64.Microsoft.DotNet.ILCompiler": {
        "type": "Transitive",
        "resolved": "9.0.10",
        "contentHash": "A1gok5rDhnRgm563COGHXAehZMh0aA1g7W8q6Zcw9e2zCeRhsnNnFusenADWl5jjusq8hsHrAY0XTIMzDvhKAw=="
      }
    },
    "net9.0/win-x64": {
      "Microsoft.DotNet.ILCompiler": {
        "type": "Direct",
        "requested": "[9.0.10, )",
        "resolved": "9.0.10",
        "contentHash": "S8hlK3KFCMLWvFDd1cUJj62bPgmomVdxnELv/Eiauug4uSEHjDkcOLfpiUvurku9iuW3uuyExwPwXX4QsWrmZQ==",
        "dependencies": {
          "runtime.win-x64.Microsoft.DotNet.ILCompiler": "9.0.10"
        }
      },
      "runtime.win-x64.Microsoft.DotNet.ILCompiler": {
        "type": "Transitive",
        "resolved": "9.0.10",
        "contentHash": "KpzBuhcP/1YdjFODGCIU3RJZIZ+uZMyiPFGa0n1nZV6J3yxSNfluFZzHuMN5J6GoCaPbX6Kgn6sEI1VNYn0xdQ=="
      }
    }
  }
}