
Microsoft Visual Studio Solution File, Format Version 12.00
# Visual Studio Version 17
VisualStudioVersion = 17.0.31903.59
MinimumVisualStudioVersion = 10.0.40219.1
Project("{2150E333-8FDC-42A3-9474-1A3956D46DE8}") = "Services", "Services", "{5854FF58-B8C5-05C6-5BF2-ACE42193F22B}"
EndProject
Project("{FAE04EC0-301F-11D3-BF4B-00C04F79EFBC}") = "CraftedSpecially.AppHost", "Services\CraftedSpecially.AppHost\CraftedSpecially.AppHost.csproj", "{2BCEF6F8-96E7-4EB2-B34D-D8C7600E3078}"
EndProject
Project("{FAE04EC0-301F-11D3-BF4B-00C04F79EFBC}") = "CraftedSpecially.ServiceDefaults", "Services\CraftedSpecially.ServiceDefaults\CraftedSpecially.ServiceDefaults.csproj", "{9C232E07-4A27-4CE9-A0D9-36FFCF7E43A2}"
EndProject
Project("{2150E333-8FDC-42A3-9474-1A3956D46DE8}") = "Catalog", "Catalog", "{944ACC7E-4FFC-A2A2-09E1-98A62C66F8DB}"
EndProject
Project("{FAE04EC0-301F-11D3-BF4B-00C04F79EFBC}") = "Catalog.Api", "Services\Catalog\Catalog.Api\Catalog.Api.csproj", "{8C02AA5B-A10E-4891-8DA5-1F8F771E377B}"
EndProject
Project("{FAE04EC0-301F-11D3-BF4B-00C04F79EFBC}") = "Catalog.Tests", "Services\Catalog\Catalog.Tests\Catalog.Tests.csproj", "{900C6D6D-9967-4D65-9509-BDBB23C0A8DA}"
EndProject
Global
	GlobalSection(SolutionConfigurationPlatforms) = preSolution
		Debug|Any CPU = Debug|Any CPU
		Debug|x64 = Debug|x64
		Debug|x86 = Debug|x86
		Release|Any CPU = Release|Any CPU
		Release|x64 = Release|x64
		Release|x86 = Release|x86
	EndGlobalSection
	GlobalSection(ProjectConfigurationPlatforms) = postSolution
		{2BCEF6F8-96E7-4EB2-B34D-D8C7600E3078}.Debug|Any CPU.ActiveCfg = Debug|Any CPU
		{2BCEF6F8-96E7-4EB2-B34D-D8C7600E3078}.Debug|Any CPU.Build.0 = Debug|Any CPU
		{2BCEF6F8-96E7-4EB2-B34D-D8C7600E3078}.Debug|x64.ActiveCfg = Debug|Any CPU
		{2BCEF6F8-96E7-4EB2-B34D-D8C7600E3078}.Debug|x64.Build.0 = Debug|Any CPU
		{2BCEF6F8-96E7-4EB2-B34D-D8C7600E3078}.Debug|x86.ActiveCfg = Debug|Any CPU
		{2BCEF6F8-96E7-4EB2-B34D-D8C7600E3078}.Debug|x86.Build.0 = Debug|Any CPU
		{2BCEF6F8-96E7-4EB2-B34D-D8C7600E3078}.Release|Any CPU.ActiveCfg = Release|Any CPU
		{2BCEF6F8-96E7-4EB2-B34D-D8C7600E3078}.Release|Any CPU.Build.0 = Release|Any CPU
		{2BCEF6F8-96E7-4EB2-B34D-D8C7600E3078}.Release|x64.ActiveCfg = Release|Any CPU
		{2BCEF6F8-96E7-4EB2-B34D-D8C7600E3078}.Release|x64.Build.0 = Release|Any CPU
		{2BCEF6F8-96E7-4EB2-B34D-D8C7600E3078}.Release|x86.ActiveCfg = Release|Any CPU
		{2BCEF6F8-96E7-4EB2-B34D-D8C7600E3078}.Release|x86.Build.0 = Release|Any CPU
		{9C232E07-4A27-4CE9-A0D9-36FFCF7E43A2}.Debug|Any CPU.ActiveCfg = Debug|Any CPU
		{9C232E07-4A27-4CE9-A0D9-36FFCF7E43A2}.Debug|Any CPU.Build.0 = Debug|Any CPU
		{9C232E07-4A27-4CE9-A0D9-36FFCF7E43A2}.Debug|x64.ActiveCfg = Debug|Any CPU
		{9C232E07-4A27-4CE9-A0D9-36FFCF7E43A2}.Debug|x64.Build.0 = Debug|Any CPU
		{9C232E07-4A27-4CE9-A0D9-36FFCF7E43A2}.Debug|x86.ActiveCfg = Debug|Any CPU
		{9C232E07-4A27-4CE9-A0D9-36FFCF7E43A2}.Debug|x86.Build.0 = Debug|Any CPU
		{9C232E07-4A27-4CE9-A0D9-36FFCF7E43A2}.Release|Any CPU.ActiveCfg = Release|Any CPU
		{9C232E07-4A27-4CE9-A0D9-36FFCF7E43A2}.Release|Any CPU.Build.0 = Release|Any CPU
		{9C232E07-4A27-4CE9-A0D9-36FFCF7E43A2}.Release|x64.ActiveCfg = Release|Any CPU
		{9C232E07-4A27-4CE9-A0D9-36FFCF7E43A2}.Release|x64.Build.0 = Release|Any CPU
		{9C232E07-4A27-4CE9-A0D9-36FFCF7E43A2}.Release|x86.ActiveCfg = Release|Any CPU
		{9C232E07-4A27-4CE9-A0D9-36FFCF7E43A2}.Release|x86.Build.0 = Release|Any CPU
		{8C02AA5B-A10E-4891-8DA5-1F8F771E377B}.Debug|Any CPU.ActiveCfg = Debug|Any CPU
		{8C02AA5B-A10E-4891-8DA5-1F8F771E377B}.Debug|Any CPU.Build.0 = Debug|Any CPU
		{8C02AA5B-A10E-4891-8DA5-1F8F771E377B}.Debug|x64.ActiveCfg = Debug|Any CPU
		{8C02AA5B-A10E-4891-8DA5-1F8F771E377B}.Debug|x64.Build.0 = Debug|Any CPU
		{8C02AA5B-A10E-4891-8DA5-1F8F771E377B}.Debug|x86.ActiveCfg = Debug|Any CPU
		{8C02AA5B-A10E-4891-8DA5-1F8F771E377B}.Debug|x86.Build.0 = Debug|Any CPU
		{8C02AA5B-A10E-4891-8DA5-1F8F771E377B}.Release|Any CPU.ActiveCfg = Release|Any CPU
		{8C02AA5B-A10E-4891-8DA5-1F8F771E377B}.Release|Any CPU.Build.0 = Release|Any CPU
		{8C02AA5B-A10E-4891-8DA5-1F8F771E377B}.Release|x64.ActiveCfg = Release|Any CPU
		{8C02AA5B-A10E-4891-8DA5-1F8F771E377B}.Release|x64.Build.0 = Release|Any CPU
		{8C02AA5B-A10E-4891-8DA5-1F8F771E377B}.Release|x86.ActiveCfg = Release|Any CPU
		{8C02AA5B-A10E-4891-8DA5-1F8F771E377B}.Release|x86.Build.0 = Release|Any CPU
		{900C6D6D-9967-4D65-9509-BDBB23C0A8DA}.Debug|Any CPU.ActiveCfg = Debug|Any CPU
		{900C6D6D-9967-4D65-9509-BDBB23C0A8DA}.Debug|Any CPU.Build.0 = Debug|Any CPU
		{900C6D6D-9967-4D65-9509-BDBB23C0A8DA}.Debug|x64.ActiveCfg = Debug|Any CPU
		{900C6D6D-9967-4D65-9509-BDBB23C0A8DA}.Debug|x64.Build.0 = Debug|Any CPU
		{900C6D6D-9967-4D65-9509-BDBB23C0A8DA}.Debug|x86.ActiveCfg = Debug|Any CPU
		{900C6D6D-9967-4D65-9509-BDBB23C0A8DA}.Debug|x86.Build.0 = Debug|Any CPU
		{900C6D6D-9967-4D65-9509-BDBB23C0A8DA}.Release|Any CPU.ActiveCfg = Release|Any CPU
		{900C6D6D-9967-4D65-9509-BDBB23C0A8DA}.Release|Any CPU.Build.0 = Release|Any CPU
		{900C6D6D-9967-4D65-9509-BDBB23C0A8DA}.Release|x64.ActiveCfg = Release|Any CPU
		{900C6D6D-9967-4D65-9509-BDBB23C0A8DA}.Release|x64.Build.0 = Release|Any CPU
		{900C6D6D-9967-4D65-9509-BDBB23C0A8DA}.Release|x86.ActiveCfg = Release|Any CPU
		{900C6D6D-9967-4D65-9509-BDBB23C0A8DA}.Release|x86.Build.0 = Release|Any CPU
	EndGlobalSection
	GlobalSection(SolutionProperties) = preSolution
		HideSolutionNode = FALSE
	EndGlobalSection
	GlobalSection(NestedProjects) = preSolution
		{2BCEF6F8-96E7-4EB2-B34D-D8C7600E3078} = {5854FF58-B8C5-05C6-5BF2-ACE42193F22B}
		{9C232E07-4A27-4CE9-A0D9-36FFCF7E43A2} = {5854FF58-B8C5-05C6-5BF2-ACE42193F22B}
		{944ACC7E-4FFC-A2A2-09E1-98A62C66F8DB} = {5854FF58-B8C5-05C6-5BF2-ACE42193F22B}
		{8C02AA5B-A10E-4891-8DA5-1F8F771E377B} = {944ACC7E-4FFC-A2A2-09E1-98A62C66F8DB}
		{900C6D6D-9967-4D65-9509-BDBB23C0A8DA} = {944ACC7E-4FFC-A2A2-09E1-98A62C66F8DB}
	EndGlobalSection
EndGlobal
