
Microsoft Visual Studio Solution File, Format Version 12.00
# Visual Studio Version 17
VisualStudioVersion = 17.0.31903.59
MinimumVisualStudioVersion = 10.0.40219.1
Project("{2150E333-8FDC-42A3-9474-1A3956D46DE8}") = "src", "src", "{827E0CD3-B72D-47B6-A68D-7590B98EB39B}"
EndProject
Project("{FAE04EC0-301F-11D3-BF4B-00C04F79EFBC}") = "CraftedSpecially.AppHost", "src\CraftedSpecially.AppHost\CraftedSpecially.AppHost.csproj", "{7C9DACFA-509A-41E7-ADC2-6DB1CEE60B6B}"
EndProject
Project("{FAE04EC0-301F-11D3-BF4B-00C04F79EFBC}") = "CraftedSpecially.ServiceDefaults", "src\CraftedSpecially.ServiceDefaults\CraftedSpecially.ServiceDefaults.csproj", "{ED9B699A-48E1-4ED5-AE3E-6F7B90D66F76}"
EndProject
Project("{FAE04EC0-301F-11D3-BF4B-00C04F79EFBC}") = "CraftedSpecially.Api", "src\CraftedSpecially.Api\CraftedSpecially.Api.csproj", "{E516C954-EE0B-468B-BFE7-4B46C8E71A8E}"
EndProject
Project("{2150E333-8FDC-42A3-9474-1A3956D46DE8}") = "modules", "modules", "{EC447DCF-ABFA-6E24-52A5-D7FD48A5C558}"
EndProject
Project("{2150E333-8FDC-42A3-9474-1A3956D46DE8}") = "catalog", "catalog", "{1E1EF545-4C18-AEE2-B997-7EF431518D3F}"
EndProject
Project("{FAE04EC0-301F-11D3-BF4B-00C04F79EFBC}") = "Catalog.UI", "src\modules\catalog\Catalog.UI\Catalog.UI.csproj", "{11F9E912-75DE-4FC8-97C5-059B1466AAA8}"
EndProject
Project("{FAE04EC0-301F-11D3-BF4B-00C04F79EFBC}") = "Catalog.Application", "src\modules\catalog\Catalog.Application\Catalog.Application.csproj", "{F6EAB4E7-F9B1-4BC4-BDF6-455EAC4AEC60}"
EndProject
Project("{FAE04EC0-301F-11D3-BF4B-00C04F79EFBC}") = "Catalog.Domain", "src\modules\catalog\Catalog.Domain\Catalog.Domain.csproj", "{EB37ECD4-BFEB-4B04-874A-2AF283C88692}"
EndProject
Project("{FAE04EC0-301F-11D3-BF4B-00C04F79EFBC}") = "Catalog.Infrastructure", "src\modules\catalog\Catalog.Infrastructure\Catalog.Infrastructure.csproj", "{37C1DEF7-346A-4024-8AFF-3A86DA6ECCDF}"
EndProject
Global
	GlobalSection(SolutionConfigurationPlatforms) = preSolution
		Debug|Any CPU = Debug|Any CPU
		Debug|x64 = Debug|x64
		Debug|x86 = Debug|x86
		Release|Any CPU = Release|Any CPU
		Release|x64 = Release|x64
		Release|x86 = Release|x86
	EndGlobalSection
	GlobalSection(ProjectConfigurationPlatforms) = postSolution
		{7C9DACFA-509A-41E7-ADC2-6DB1CEE60B6B}.Debug|Any CPU.ActiveCfg = Debug|Any CPU
		{7C9DACFA-509A-41E7-ADC2-6DB1CEE60B6B}.Debug|Any CPU.Build.0 = Debug|Any CPU
		{7C9DACFA-509A-41E7-ADC2-6DB1CEE60B6B}.Debug|x64.ActiveCfg = Debug|Any CPU
		{7C9DACFA-509A-41E7-ADC2-6DB1CEE60B6B}.Debug|x64.Build.0 = Debug|Any CPU
		{7C9DACFA-509A-41E7-ADC2-6DB1CEE60B6B}.Debug|x86.ActiveCfg = Debug|Any CPU
		{7C9DACFA-509A-41E7-ADC2-6DB1CEE60B6B}.Debug|x86.Build.0 = Debug|Any CPU
		{7C9DACFA-509A-41E7-ADC2-6DB1CEE60B6B}.Release|Any CPU.ActiveCfg = Release|Any CPU
		{7C9DACFA-509A-41E7-ADC2-6DB1CEE60B6B}.Release|Any CPU.Build.0 = Release|Any CPU
		{7C9DACFA-509A-41E7-ADC2-6DB1CEE60B6B}.Release|x64.ActiveCfg = Release|Any CPU
		{7C9DACFA-509A-41E7-ADC2-6DB1CEE60B6B}.Release|x64.Build.0 = Release|Any CPU
		{7C9DACFA-509A-41E7-ADC2-6DB1CEE60B6B}.Release|x86.ActiveCfg = Release|Any CPU
		{7C9DACFA-509A-41E7-ADC2-6DB1CEE60B6B}.Release|x86.Build.0 = Release|Any CPU
		{ED9B699A-48E1-4ED5-AE3E-6F7B90D66F76}.Debug|Any CPU.ActiveCfg = Debug|Any CPU
		{ED9B699A-48E1-4ED5-AE3E-6F7B90D66F76}.Debug|Any CPU.Build.0 = Debug|Any CPU
		{ED9B699A-48E1-4ED5-AE3E-6F7B90D66F76}.Debug|x64.ActiveCfg = Debug|Any CPU
		{ED9B699A-48E1-4ED5-AE3E-6F7B90D66F76}.Debug|x64.Build.0 = Debug|Any CPU
		{ED9B699A-48E1-4ED5-AE3E-6F7B90D66F76}.Debug|x86.ActiveCfg = Debug|Any CPU
		{ED9B699A-48E1-4ED5-AE3E-6F7B90D66F76}.Debug|x86.Build.0 = Debug|Any CPU
		{ED9B699A-48E1-4ED5-AE3E-6F7B90D66F76}.Release|Any CPU.ActiveCfg = Release|Any CPU
		{ED9B699A-48E1-4ED5-AE3E-6F7B90D66F76}.Release|Any CPU.Build.0 = Release|Any CPU
		{ED9B699A-48E1-4ED5-AE3E-6F7B90D66F76}.Release|x64.ActiveCfg = Release|Any CPU
		{ED9B699A-48E1-4ED5-AE3E-6F7B90D66F76}.Release|x64.Build.0 = Release|Any CPU
		{ED9B699A-48E1-4ED5-AE3E-6F7B90D66F76}.Release|x86.ActiveCfg = Release|Any CPU
		{ED9B699A-48E1-4ED5-AE3E-6F7B90D66F76}.Release|x86.Build.0 = Release|Any CPU
		{E516C954-EE0B-468B-BFE7-4B46C8E71A8E}.Debug|Any CPU.ActiveCfg = Debug|Any CPU
		{E516C954-EE0B-468B-BFE7-4B46C8E71A8E}.Debug|Any CPU.Build.0 = Debug|Any CPU
		{E516C954-EE0B-468B-BFE7-4B46C8E71A8E}.Debug|x64.ActiveCfg = Debug|Any CPU
		{E516C954-EE0B-468B-BFE7-4B46C8E71A8E}.Debug|x64.Build.0 = Debug|Any CPU
		{E516C954-EE0B-468B-BFE7-4B46C8E71A8E}.Debug|x86.ActiveCfg = Debug|Any CPU
		{E516C954-EE0B-468B-BFE7-4B46C8E71A8E}.Debug|x86.Build.0 = Debug|Any CPU
		{E516C954-EE0B-468B-BFE7-4B46C8E71A8E}.Release|Any CPU.ActiveCfg = Release|Any CPU
		{E516C954-EE0B-468B-BFE7-4B46C8E71A8E}.Release|Any CPU.Build.0 = Release|Any CPU
		{E516C954-EE0B-468B-BFE7-4B46C8E71A8E}.Release|x64.ActiveCfg = Release|Any CPU
		{E516C954-EE0B-468B-BFE7-4B46C8E71A8E}.Release|x64.Build.0 = Release|Any CPU
		{E516C954-EE0B-468B-BFE7-4B46C8E71A8E}.Release|x86.ActiveCfg = Release|Any CPU
		{E516C954-EE0B-468B-BFE7-4B46C8E71A8E}.Release|x86.Build.0 = Release|Any CPU
		{11F9E912-75DE-4FC8-97C5-059B1466AAA8}.Debug|Any CPU.ActiveCfg = Debug|Any CPU
		{11F9E912-75DE-4FC8-97C5-059B1466AAA8}.Debug|Any CPU.Build.0 = Debug|Any CPU
		{11F9E912-75DE-4FC8-97C5-059B1466AAA8}.Debug|x64.ActiveCfg = Debug|Any CPU
		{11F9E912-75DE-4FC8-97C5-059B1466AAA8}.Debug|x64.Build.0 = Debug|Any CPU
		{11F9E912-75DE-4FC8-97C5-059B1466AAA8}.Debug|x86.ActiveCfg = Debug|Any CPU
		{11F9E912-75DE-4FC8-97C5-059B1466AAA8}.Debug|x86.Build.0 = Debug|Any CPU
		{11F9E912-75DE-4FC8-97C5-059B1466AAA8}.Release|Any CPU.ActiveCfg = Release|Any CPU
		{11F9E912-75DE-4FC8-97C5-059B1466AAA8}.Release|Any CPU.Build.0 = Release|Any CPU
		{11F9E912-75DE-4FC8-97C5-059B1466AAA8}.Release|x64.ActiveCfg = Release|Any CPU
		{11F9E912-75DE-4FC8-97C5-059B1466AAA8}.Release|x64.Build.0 = Release|Any CPU
		{11F9E912-75DE-4FC8-97C5-059B1466AAA8}.Release|x86.ActiveCfg = Release|Any CPU
		{11F9E912-75DE-4FC8-97C5-059B1466AAA8}.Release|x86.Build.0 = Release|Any CPU
		{F6EAB4E7-F9B1-4BC4-BDF6-455EAC4AEC60}.Debug|Any CPU.ActiveCfg = Debug|Any CPU
		{F6EAB4E7-F9B1-4BC4-BDF6-455EAC4AEC60}.Debug|Any CPU.Build.0 = Debug|Any CPU
		{F6EAB4E7-F9B1-4BC4-BDF6-455EAC4AEC60}.Debug|x64.ActiveCfg = Debug|Any CPU
		{F6EAB4E7-F9B1-4BC4-BDF6-455EAC4AEC60}.Debug|x64.Build.0 = Debug|Any CPU
		{F6EAB4E7-F9B1-4BC4-BDF6-455EAC4AEC60}.Debug|x86.ActiveCfg = Debug|Any CPU
		{F6EAB4E7-F9B1-4BC4-BDF6-455EAC4AEC60}.Debug|x86.Build.0 = Debug|Any CPU
		{F6EAB4E7-F9B1-4BC4-BDF6-455EAC4AEC60}.Release|Any CPU.ActiveCfg = Release|Any CPU
		{F6EAB4E7-F9B1-4BC4-BDF6-455EAC4AEC60}.Release|Any CPU.Build.0 = Release|Any CPU
		{F6EAB4E7-F9B1-4BC4-BDF6-455EAC4AEC60}.Release|x64.ActiveCfg = Release|Any CPU
		{F6EAB4E7-F9B1-4BC4-BDF6-455EAC4AEC60}.Release|x64.Build.0 = Release|Any CPU
		{F6EAB4E7-F9B1-4BC4-BDF6-455EAC4AEC60}.Release|x86.ActiveCfg = Release|Any CPU
		{F6EAB4E7-F9B1-4BC4-BDF6-455EAC4AEC60}.Release|x86.Build.0 = Release|Any CPU
		{EB37ECD4-BFEB-4B04-874A-2AF283C88692}.Debug|Any CPU.ActiveCfg = Debug|Any CPU
		{EB37ECD4-BFEB-4B04-874A-2AF283C88692}.Debug|Any CPU.Build.0 = Debug|Any CPU
		{EB37ECD4-BFEB-4B04-874A-2AF283C88692}.Debug|x64.ActiveCfg = Debug|Any CPU
		{EB37ECD4-BFEB-4B04-874A-2AF283C88692}.Debug|x64.Build.0 = Debug|Any CPU
		{EB37ECD4-BFEB-4B04-874A-2AF283C88692}.Debug|x86.ActiveCfg = Debug|Any CPU
		{EB37ECD4-BFEB-4B04-874A-2AF283C88692}.Debug|x86.Build.0 = Debug|Any CPU
		{EB37ECD4-BFEB-4B04-874A-2AF283C88692}.Release|Any CPU.ActiveCfg = Release|Any CPU
		{EB37ECD4-BFEB-4B04-874A-2AF283C88692}.Release|Any CPU.Build.0 = Release|Any CPU
		{EB37ECD4-BFEB-4B04-874A-2AF283C88692}.Release|x64.ActiveCfg = Release|Any CPU
		{EB37ECD4-BFEB-4B04-874A-2AF283C88692}.Release|x64.Build.0 = Release|Any CPU
		{EB37ECD4-BFEB-4B04-874A-2AF283C88692}.Release|x86.ActiveCfg = Release|Any CPU
		{EB37ECD4-BFEB-4B04-874A-2AF283C88692}.Release|x86.Build.0 = Release|Any CPU
		{37C1DEF7-346A-4024-8AFF-3A86DA6ECCDF}.Debug|Any CPU.ActiveCfg = Debug|Any CPU
		{37C1DEF7-346A-4024-8AFF-3A86DA6ECCDF}.Debug|Any CPU.Build.0 = Debug|Any CPU
		{37C1DEF7-346A-4024-8AFF-3A86DA6ECCDF}.Debug|x64.ActiveCfg = Debug|Any CPU
		{37C1DEF7-346A-4024-8AFF-3A86DA6ECCDF}.Debug|x64.Build.0 = Debug|Any CPU
		{37C1DEF7-346A-4024-8AFF-3A86DA6ECCDF}.Debug|x86.ActiveCfg = Debug|Any CPU
		{37C1DEF7-346A-4024-8AFF-3A86DA6ECCDF}.Debug|x86.Build.0 = Debug|Any CPU
		{37C1DEF7-346A-4024-8AFF-3A86DA6ECCDF}.Release|Any CPU.ActiveCfg = Release|Any CPU
		{37C1DEF7-346A-4024-8AFF-3A86DA6ECCDF}.Release|Any CPU.Build.0 = Release|Any CPU
		{37C1DEF7-346A-4024-8AFF-3A86DA6ECCDF}.Release|x64.ActiveCfg = Release|Any CPU
		{37C1DEF7-346A-4024-8AFF-3A86DA6ECCDF}.Release|x64.Build.0 = Release|Any CPU
		{37C1DEF7-346A-4024-8AFF-3A86DA6ECCDF}.Release|x86.ActiveCfg = Release|Any CPU
		{37C1DEF7-346A-4024-8AFF-3A86DA6ECCDF}.Release|x86.Build.0 = Release|Any CPU
	EndGlobalSection
	GlobalSection(SolutionProperties) = preSolution
		HideSolutionNode = FALSE
	EndGlobalSection
	GlobalSection(NestedProjects) = preSolution
		{7C9DACFA-509A-41E7-ADC2-6DB1CEE60B6B} = {827E0CD3-B72D-47B6-A68D-7590B98EB39B}
		{ED9B699A-48E1-4ED5-AE3E-6F7B90D66F76} = {827E0CD3-B72D-47B6-A68D-7590B98EB39B}
		{E516C954-EE0B-468B-BFE7-4B46C8E71A8E} = {827E0CD3-B72D-47B6-A68D-7590B98EB39B}
		{EC447DCF-ABFA-6E24-52A5-D7FD48A5C558} = {827E0CD3-B72D-47B6-A68D-7590B98EB39B}
		{1E1EF545-4C18-AEE2-B997-7EF431518D3F} = {EC447DCF-ABFA-6E24-52A5-D7FD48A5C558}
		{11F9E912-75DE-4FC8-97C5-059B1466AAA8} = {1E1EF545-4C18-AEE2-B997-7EF431518D3F}
		{F6EAB4E7-F9B1-4BC4-BDF6-455EAC4AEC60} = {1E1EF545-4C18-AEE2-B997-7EF431518D3F}
		{EB37ECD4-BFEB-4B04-874A-2AF283C88692} = {1E1EF545-4C18-AEE2-B997-7EF431518D3F}
		{37C1DEF7-346A-4024-8AFF-3A86DA6ECCDF} = {1E1EF545-4C18-AEE2-B997-7EF431518D3F}
	EndGlobalSection
EndGlobal
