{
  "version": 1,
  "dependencies": {
    "net10.0": {
      "Microsoft.DotNet.ILCompiler": {
        "type": "Direct",
        "requested": "[10.0.0-rc.1.25451.107, )",
        "resolved": "10.0.0-rc.1.25451.107",
        "contentHash": "pGlnnJrQ4s3pjbvaTlC1MeZ+x18t2iYn25Jz+nzzgp0BCndbSxbxHzFL2IzV55bbeKecJszF8/8RHFKwVjRKpQ=="
      },
      "Microsoft.NET.ILLink.Tasks": {
        "type": "Direct",
        "requested": "[10.0.0-rc.1.25451.107, )",
        "resolved": "10.0.0-rc.1.25451.107",
        "contentHash": "MnPx3NJT7pLBfOgIVs1/IXL8n5sEErhaJu14TQujaXTMwzv9I3v+nzPqUrUuEunaHeeH10n/3oZBn/Xg4trP0g=="
      }
    },
    "net10.0/linux-x64": {
      "Microsoft.DotNet.ILCompiler": {
        "type": "Direct",
        "requested": "[10.0.0-rc.1.25451.107, )",
        "resolved": "10.0.0-rc.1.25451.107",
        "contentHash": "pGlnnJrQ4s3pjbvaTlC1MeZ+x18t2iYn25Jz+nzzgp0BCndbSxbxHzFL2IzV55bbeKecJszF8/8RHFKwVjRKpQ==",
        "dependencies": {
          "runtime.linux-x64.Microsoft.DotNet.ILCompiler": "10.0.0-rc.1.25451.107"
        }
      },
      "runtime.linux-x64.Microsoft.DotNet.ILCompiler": {
        "type": "Transitive",
        "resolved": "10.0.0-rc.1.25451.107",
        "contentHash": "kPhYbH1DmcT1GQUGPQqMGEaQKAGVA31tStPy/ESXPeC8xCVqq7KZg1EKq6XoV4MSgPJ4X/XzZyKHo6Bk8FVbdg=="
      }
    },
    "net10.0/win-x64": {
      "Microsoft.DotNet.ILCompiler": {
        "type": "Direct",
        "requested": "[10.0.0-rc.1.25451.107, )",
        "resolved": "10.0.0-rc.1.25451.107",
        "contentHash": "pGlnnJrQ4s3pjbvaTlC1MeZ+x18t2iYn25Jz+nzzgp0BCndbSxbxHzFL2IzV55bbeKecJszF8/8RHFKwVjRKpQ==",
        "dependencies": {
          "runtime.win-x64.Microsoft.DotNet.ILCompiler": "10.0.0-rc.1.25451.107"
        }
      },
      "runtime.win-x64.Microsoft.DotNet.ILCompiler": {
        "type": "Transitive",
        "resolved": "10.0.0-rc.1.25451.107",
        "contentHash": "+oUu2CGnaaWBwFYC3HWXeOeNqBKiE7vdoofgEFrwZXT2m1d03T+DeUSiub5K//Bt9JEZD3/7BfE62k+a5ZRwwA=="
      }
    }
  }
}