
Microsoft Visual Studio Solution File, Format Version 12.00
# Visual Studio Version 17
VisualStudioVersion = 17.0.31903.59
MinimumVisualStudioVersion = 10.0.40219.1
Project("{FAE04EC0-301F-11D3-BF4B-00C04F79EFBC}") = "Domain", "Domain\Domain.csproj", "{5331DC89-68F9-470F-A05B-F3C7A84C2EB7}"
EndProject
Project("{FAE04EC0-301F-11D3-BF4B-00C04F79EFBC}") = "Domain.Tests", "Domain.Tests\Domain.Tests.csproj", "{83BB5B0C-A502-4789-96A1-2662CEE67F1A}"
EndProject
Global
	GlobalSection(SolutionConfigurationPlatforms) = preSolution
		Debug|Any CPU = Debug|Any CPU
		Release|Any CPU = Release|Any CPU
	EndGlobalSection
	GlobalSection(SolutionProperties) = preSolution
		HideSolutionNode = FALSE
	EndGlobalSection
	GlobalSection(ProjectConfigurationPlatforms) = postSolution
		{5331DC89-68F9-470F-A05B-F3C7A84C2EB7}.Debug|Any CPU.ActiveCfg = Debug|Any CPU
		{5331DC89-68F9-470F-A05B-F3C7A84C2EB7}.Debug|Any CPU.Build.0 = Debug|Any CPU
		{5331DC89-68F9-470F-A05B-F3C7A84C2EB7}.Release|Any CPU.ActiveCfg = Release|Any CPU
		{5331DC89-68F9-470F-A05B-F3C7A84C2EB7}.Release|Any CPU.Build.0 = Release|Any CPU
		{83BB5B0C-A502-4789-96A1-2662CEE67F1A}.Debug|Any CPU.ActiveCfg = Debug|Any CPU
		{83BB5B0C-A502-4789-96A1-2662CEE67F1A}.Debug|Any CPU.Build.0 = Debug|Any CPU
		{83BB5B0C-A502-4789-96A1-2662CEE67F1A}.Release|Any CPU.ActiveCfg = Release|Any CPU
		{83BB5B0C-A502-4789-96A1-2662CEE67F1A}.Release|Any CPU.Build.0 = Release|Any CPU
	EndGlobalSection
EndGlobal
