
Microsoft Visual Studio Solution File, Format Version 12.00
# Visual Studio Version 17
VisualStudioVersion = 17.0.31903.59
MinimumVisualStudioVersion = 10.0.40219.1
Project("{FAE04EC0-301F-11D3-BF4B-00C04F79EFBC}") = "Domain", "Domain\Domain.csproj", "{5331DC89-68F9-470F-A05B-F3C7A84C2EB7}"
EndProject
Project("{FAE04EC0-301F-11D3-BF4B-00C04F79EFBC}") = "Domain.Tests", "Domain.Tests\Domain.Tests.csproj", "{83BB5B0C-A502-4789-96A1-2662CEE67F1A}"
EndProject
Project("{FAE04EC0-301F-11D3-BF4B-00C04F79EFBC}") = "Catalog.Tests", "Catalog.Tests\Catalog.Tests.csproj", "{3EC78512-9F1C-4F97-BAC2-3DF6215BECA3}"
EndProject
Project("{2150E333-8FDC-42A3-9474-1A3956D46DE8}") = "Interface", "Interface", "{A3D91CD5-E395-4198-A947-E9E0D9A7E9A7}"
EndProject
Project("{FAE04EC0-301F-11D3-BF4B-00C04F79EFBC}") = "WebApi", "Interface\WebApi\WebApi.csproj", "{24C2E0EC-8993-4CDE-8A38-033C03B3F586}"
EndProject
Global
	GlobalSection(SolutionConfigurationPlatforms) = preSolution
		Debug|Any CPU = Debug|Any CPU
		Release|Any CPU = Release|Any CPU
	EndGlobalSection
	GlobalSection(SolutionProperties) = preSolution
		HideSolutionNode = FALSE
	EndGlobalSection
	GlobalSection(ProjectConfigurationPlatforms) = postSolution
		{5331DC89-68F9-470F-A05B-F3C7A84C2EB7}.Debug|Any CPU.ActiveCfg = Debug|Any CPU
		{5331DC89-68F9-470F-A05B-F3C7A84C2EB7}.Debug|Any CPU.Build.0 = Debug|Any CPU
		{5331DC89-68F9-470F-A05B-F3C7A84C2EB7}.Release|Any CPU.ActiveCfg = Release|Any CPU
		{5331DC89-68F9-470F-A05B-F3C7A84C2EB7}.Release|Any CPU.Build.0 = Release|Any CPU
		{83BB5B0C-A502-4789-96A1-2662CEE67F1A}.Debug|Any CPU.ActiveCfg = Debug|Any CPU
		{83BB5B0C-A502-4789-96A1-2662CEE67F1A}.Debug|Any CPU.Build.0 = Debug|Any CPU
		{83BB5B0C-A502-4789-96A1-2662CEE67F1A}.Release|Any CPU.ActiveCfg = Release|Any CPU
		{83BB5B0C-A502-4789-96A1-2662CEE67F1A}.Release|Any CPU.Build.0 = Release|Any CPU
		{3EC78512-9F1C-4F97-BAC2-3DF6215BECA3}.Debug|Any CPU.ActiveCfg = Debug|Any CPU
		{3EC78512-9F1C-4F97-BAC2-3DF6215BECA3}.Debug|Any CPU.Build.0 = Debug|Any CPU
		{3EC78512-9F1C-4F97-BAC2-3DF6215BECA3}.Release|Any CPU.ActiveCfg = Release|Any CPU
		{3EC78512-9F1C-4F97-BAC2-3DF6215BECA3}.Release|Any CPU.Build.0 = Release|Any CPU
		{24C2E0EC-8993-4CDE-8A38-033C03B3F586}.Debug|Any CPU.ActiveCfg = Debug|Any CPU
		{24C2E0EC-8993-4CDE-8A38-033C03B3F586}.Debug|Any CPU.Build.0 = Debug|Any CPU
		{24C2E0EC-8993-4CDE-8A38-033C03B3F586}.Release|Any CPU.ActiveCfg = Release|Any CPU
		{24C2E0EC-8993-4CDE-8A38-033C03B3F586}.Release|Any CPU.Build.0 = Release|Any CPU
	EndGlobalSection
	GlobalSection(NestedProjects) = preSolution
		{24C2E0EC-8993-4CDE-8A38-033C03B3F586} = {A3D91CD5-E395-4198-A947-E9E0D9A7E9A7}
	EndGlobalSection
EndGlobal
