
Microsoft Visual Studio Solution File, Format Version 12.00
# Visual Studio Version 17
VisualStudioVersion = 17.0.31903.59
MinimumVisualStudioVersion = 10.0.40219.1
Project("{2150E333-8FDC-42A3-9474-1A3956D46DE8}") = "src", "src", "{18FDC8B1-EF43-4D4F-87E4-75BEA95CC728}"
EndProject
Project("{FAE04EC0-301F-11D3-BF4B-00C04F79EFBC}") = "api", "src\api\api.csproj", "{9B845B2C-012A-4AC4-BC63-4B6124FDCAAD}"
EndProject
Project("{FAE04EC0-301F-11D3-BF4B-00C04F79EFBC}") = "application", "src\application\application.csproj", "{0EA788BA-C0AF-4DCC-AD9C-76520C9868BD}"
EndProject
Project("{FAE04EC0-301F-11D3-BF4B-00C04F79EFBC}") = "domain", "src\domain\domain.csproj", "{EC2616D0-803F-4E9D-9D70-A9011802FF73}"
EndProject
Project("{FAE04EC0-301F-11D3-BF4B-00C04F79EFBC}") = "infrastructure", "src\infrastructure\infrastructure.csproj", "{90C1798E-F43D-46C9-8774-874343003EB6}"
EndProject
Project("{2150E333-8FDC-42A3-9474-1A3956D46DE8}") = "tests", "tests", "{E62624DC-2D22-4B24-B31F-3DF7A0339BDA}"
EndProject
Project("{FAE04EC0-301F-11D3-BF4B-00C04F79EFBC}") = "api.tests", "tests\api.tests\api.tests.csproj", "{532AD925-3A9D-4A85-A239-C7B4720E4E87}"
EndProject
Project("{FAE04EC0-301F-11D3-BF4B-00C04F79EFBC}") = "application.tests", "tests\application.tests\application.tests.csproj", "{0FC3B87C-6E7F-4552-A292-79D030BEBBB3}"
EndProject
Project("{FAE04EC0-301F-11D3-BF4B-00C04F79EFBC}") = "domain.tests", "tests\domain.tests\domain.tests.csproj", "{D95ADEAF-4801-4DFF-856F-9AA39761F010}"
EndProject
Project("{FAE04EC0-301F-11D3-BF4B-00C04F79EFBC}") = "infrastructure.tests", "tests\infrastructure.tests\infrastructure.tests.csproj", "{8FE746A3-EAB4-42D4-906B-CBC770134270}"
EndProject
Global
	GlobalSection(SolutionConfigurationPlatforms) = preSolution
		Debug|Any CPU = Debug|Any CPU
		Release|Any CPU = Release|Any CPU
	EndGlobalSection
	GlobalSection(SolutionProperties) = preSolution
		HideSolutionNode = FALSE
	EndGlobalSection
	GlobalSection(ProjectConfigurationPlatforms) = postSolution
		{9B845B2C-012A-4AC4-BC63-4B6124FDCAAD}.Debug|Any CPU.ActiveCfg = Debug|Any CPU
		{9B845B2C-012A-4AC4-BC63-4B6124FDCAAD}.Debug|Any CPU.Build.0 = Debug|Any CPU
		{9B845B2C-012A-4AC4-BC63-4B6124FDCAAD}.Release|Any CPU.ActiveCfg = Release|Any CPU
		{9B845B2C-012A-4AC4-BC63-4B6124FDCAAD}.Release|Any CPU.Build.0 = Release|Any CPU
		{0EA788BA-C0AF-4DCC-AD9C-76520C9868BD}.Debug|Any CPU.ActiveCfg = Debug|Any CPU
		{0EA788BA-C0AF-4DCC-AD9C-76520C9868BD}.Debug|Any CPU.Build.0 = Debug|Any CPU
		{0EA788BA-C0AF-4DCC-AD9C-76520C9868BD}.Release|Any CPU.ActiveCfg = Release|Any CPU
		{0EA788BA-C0AF-4DCC-AD9C-76520C9868BD}.Release|Any CPU.Build.0 = Release|Any CPU
		{EC2616D0-803F-4E9D-9D70-A9011802FF73}.Debug|Any CPU.ActiveCfg = Debug|Any CPU
		{EC2616D0-803F-4E9D-9D70-A9011802FF73}.Debug|Any CPU.Build.0 = Debug|Any CPU
		{EC2616D0-803F-4E9D-9D70-A9011802FF73}.Release|Any CPU.ActiveCfg = Release|Any CPU
		{EC2616D0-803F-4E9D-9D70-A9011802FF73}.Release|Any CPU.Build.0 = Release|Any CPU
		{90C1798E-F43D-46C9-8774-874343003EB6}.Debug|Any CPU.ActiveCfg = Debug|Any CPU
		{90C1798E-F43D-46C9-8774-874343003EB6}.Debug|Any CPU.Build.0 = Debug|Any CPU
		{90C1798E-F43D-46C9-8774-874343003EB6}.Release|Any CPU.ActiveCfg = Release|Any CPU
		{90C1798E-F43D-46C9-8774-874343003EB6}.Release|Any CPU.Build.0 = Release|Any CPU
		{532AD925-3A9D-4A85-A239-C7B4720E4E87}.Debug|Any CPU.ActiveCfg = Debug|Any CPU
		{532AD925-3A9D-4A85-A239-C7B4720E4E87}.Debug|Any CPU.Build.0 = Debug|Any CPU
		{532AD925-3A9D-4A85-A239-C7B4720E4E87}.Release|Any CPU.ActiveCfg = Release|Any CPU
		{532AD925-3A9D-4A85-A239-C7B4720E4E87}.Release|Any CPU.Build.0 = Release|Any CPU
		{0FC3B87C-6E7F-4552-A292-79D030BEBBB3}.Debug|Any CPU.ActiveCfg = Debug|Any CPU
		{0FC3B87C-6E7F-4552-A292-79D030BEBBB3}.Debug|Any CPU.Build.0 = Debug|Any CPU
		{0FC3B87C-6E7F-4552-A292-79D030BEBBB3}.Release|Any CPU.ActiveCfg = Release|Any CPU
		{0FC3B87C-6E7F-4552-A292-79D030BEBBB3}.Release|Any CPU.Build.0 = Release|Any CPU
		{D95ADEAF-4801-4DFF-856F-9AA39761F010}.Debug|Any CPU.ActiveCfg = Debug|Any CPU
		{D95ADEAF-4801-4DFF-856F-9AA39761F010}.Debug|Any CPU.Build.0 = Debug|Any CPU
		{D95ADEAF-4801-4DFF-856F-9AA39761F010}.Release|Any CPU.ActiveCfg = Release|Any CPU
		{D95ADEAF-4801-4DFF-856F-9AA39761F010}.Release|Any CPU.Build.0 = Release|Any CPU
		{8FE746A3-EAB4-42D4-906B-CBC770134270}.Debug|Any CPU.ActiveCfg = Debug|Any CPU
		{8FE746A3-EAB4-42D4-906B-CBC770134270}.Debug|Any CPU.Build.0 = Debug|Any CPU
		{8FE746A3-EAB4-42D4-906B-CBC770134270}.Release|Any CPU.ActiveCfg = Release|Any CPU
		{8FE746A3-EAB4-42D4-906B-CBC770134270}.Release|Any CPU.Build.0 = Release|Any CPU
	EndGlobalSection
	GlobalSection(NestedProjects) = preSolution
		{9B845B2C-012A-4AC4-BC63-4B6124FDCAAD} = {18FDC8B1-EF43-4D4F-87E4-75BEA95CC728}
		{0EA788BA-C0AF-4DCC-AD9C-76520C9868BD} = {18FDC8B1-EF43-4D4F-87E4-75BEA95CC728}
		{EC2616D0-803F-4E9D-9D70-A9011802FF73} = {18FDC8B1-EF43-4D4F-87E4-75BEA95CC728}
		{90C1798E-F43D-46C9-8774-874343003EB6} = {18FDC8B1-EF43-4D4F-87E4-75BEA95CC728}
		{532AD925-3A9D-4A85-A239-C7B4720E4E87} = {E62624DC-2D22-4B24-B31F-3DF7A0339BDA}
		{0FC3B87C-6E7F-4552-A292-79D030BEBBB3} = {E62624DC-2D22-4B24-B31F-3DF7A0339BDA}
		{D95ADEAF-4801-4DFF-856F-9AA39761F010} = {E62624DC-2D22-4B24-B31F-3DF7A0339BDA}
		{8FE746A3-EAB4-42D4-906B-CBC770134270} = {E62624DC-2D22-4B24-B31F-3DF7A0339BDA}
	EndGlobalSection
EndGlobal
