{
  "version": 1,
  "dependencies": {
    "net10.0": {
      "Microsoft.NET.Test.Sdk": {
        "type": "Direct",
        "requested": "[18.0.1, )",
        "resolved": "18.0.1",
        "contentHash": "WNpu6vI2rA0pXY4r7NKxCN16XRWl5uHu6qjuyVLoDo6oYEggIQefrMjkRuibQHm/NslIUNCcKftvoWAN80MSAg==",
        "dependencies": {
          "Microsoft.CodeCoverage": "18.0.1",
          "Microsoft.TestPlatform.TestHost": "18.0.1"
        }
      },
      "Microsoft.Testing.Extensions.CodeCoverage": {
        "type": "Direct",
        "requested": "[18.3.2, )",
        "resolved": "18.3.2",
        "contentHash": "EQ/Xt/zJzbFUfY9XFYjdPcKIPcSmE7xUS57CiiBK8tQ4LO1l2zs37ZXqCTYukBQbaGN0yT/OT5HIE+hJnNwkcw==",
        "dependencies": {
          "Microsoft.DiaSymReader": "2.0.0",
          "Microsoft.Extensions.DependencyModel": "6.0.2",
          "Microsoft.Testing.Platform": "2.0.2"
        }
      },
      "Microsoft.Testing.Extensions.TrxReport": {
        "type": "Direct",
        "requested": "[1.8.2, )",
        "resolved": "1.8.2",
        "contentHash": "voBJkIOuBOKDVeugzHXt7VJl9mUeUj4UHx8ici09OsZRWMvyKSWI+bS6gq9dQfwe3dXIM7J3Gc2oje6RBuDGLA==",
        "dependencies": {
          "Microsoft.Testing.Extensions.TrxReport.Abstractions": "1.8.2",
          "Microsoft.Testing.Platform": "1.8.2"
        }
      },
      "MSTest.TestAdapter": {
        "type": "Direct",
        "requested": "[3.10.2, )",
        "resolved": "3.10.2",
        "contentHash": "SDMjZn0/SoIFeQWmlPn+QDfHKe3T7Oa+4xXtyoaJliD9Gx2XZ5+I1DLVTEl4WNsXGuFKa86AnjsDx+P+X7NZeg==",
        "dependencies": {
          "Microsoft.Testing.Extensions.VSTestBridge": "1.8.2",
          "Microsoft.Testing.Platform.MSBuild": "1.8.2"
        }
      },
      "MSTest.TestFramework": {
        "type": "Direct",
        "requested": "[3.10.2, )",
        "resolved": "3.10.2",
        "contentHash": "8rigmjMCEGbpAjrRhl/vCW4b4SE9AENMu1Uzatdke+L88v4YjyUlU5336160+np5HkdC9hizXo73NVzlCj2bog==",
        "dependencies": {
          "MSTest.Analyzers": "3.10.2"
        }
      },
      "Microsoft.ApplicationInsights": {
        "type": "Transitive",
        "resolved": "2.23.0",
        "contentHash": "nWArUZTdU7iqZLycLKWe0TDms48KKGE6pONH2terYNa8REXiqixrMOkf1sk5DHGMaUTqONU2YkS4SAXBhLStgw=="
      },
      "Microsoft.CodeCoverage": {
        "type": "Transitive",
        "resolved": "18.0.1",
        "contentHash": "O+utSr97NAJowIQT/OVp3Lh9QgW/wALVTP4RG1m2AfFP4IyJmJz0ZBmFJUsRQiAPgq6IRC0t8AAzsiPIsaUDEA=="
      },
      "Microsoft.DiaSymReader": {
        "type": "Transitive",
        "resolved": "2.0.0",
        "contentHash": "QcZrCETsBJqy/vQpFtJc+jSXQ0K5sucQ6NUFbTNVHD4vfZZOwjZ/3sBzczkC4DityhD3AVO/+K/+9ioLs1AgRA=="
      },
      "Microsoft.Extensions.DependencyModel": {
        "type": "Transitive",
        "resolved": "6.0.2",
        "contentHash": "HS5YsudCGSVoCVdsYJ5FAO9vx0z04qSAXgVzpDJSQ1/w/X9q8hrQVGU2p+Yfui+2KcXLL+Zjc0SX3yJWtBmYiw=="
      },
      "Microsoft.Testing.Extensions.Telemetry": {
        "type": "Transitive",
        "resolved": "1.8.2",
        "contentHash": "wkxTWzMYMPWlMlLPu7lyRZTjvAvm2mor8fFtMh/DMaym28I5HtVZaOEVZhEsUKjrE6h+nsoofEetJtHV0CWyfA==",
        "dependencies": {
          "Microsoft.ApplicationInsights": "2.23.0",
          "Microsoft.Testing.Platform": "1.8.2"
        }
      },
      "Microsoft.Testing.Extensions.TrxReport.Abstractions": {
        "type": "Transitive",
        "resolved": "1.8.2",
        "contentHash": "QPaJgSfN0APwB6OtJO9jOGETv62d94fsDwLKh+Yu6vAFIP8wfml2CFLzaOlBIkbYFb8kG0s0Bd/VPLQrhCL3lg==",
        "dependencies": {
          "Microsoft.Testing.Platform": "1.8.2"
        }
      },
      "Microsoft.Testing.Extensions.VSTestBridge": {
        "type": "Transitive",
        "resolved": "1.8.2",
        "contentHash": "gJAYK5k5GsNeSzaFXHgt90um/UEgM0CCtY4nntGsDfAczu3+tstAOUM6nN713tRZSi9rWFCxT61fR3jDsCni+Q==",
        "dependencies": {
          "Microsoft.TestPlatform.AdapterUtilities": "17.13.0",
          "Microsoft.TestPlatform.ObjectModel": "17.13.0",
          "Microsoft.Testing.Extensions.Telemetry": "1.8.2",
          "Microsoft.Testing.Extensions.TrxReport.Abstractions": "1.8.2",
          "Microsoft.Testing.Platform": "1.8.2"
        }
      },
      "Microsoft.Testing.Platform": {
        "type": "Transitive",
        "resolved": "2.0.2",
        "contentHash": "43NCOTEENtdc9fmlzX9KHQR14AZEYek5r4jOJlWPhTyV1+aYAQYl4x773nYXU5TKxV6+rMuniJ7wcj9C9qrP1A=="
      },
      "Microsoft.Testing.Platform.MSBuild": {
        "type": "Transitive",
        "resolved": "1.8.2",
        "contentHash": "xL7h/wZR6NpzZrFqUMwE6Sa9i7jEPmxPHl11EG9iG1Szh3IHvhJkbmlKG74pm9YLnEysjVYFuA+ExBHxqQp8fg==",
        "dependencies": {
          "Microsoft.Testing.Platform": "1.8.2"
        }
      },
      "Microsoft.TestPlatform.AdapterUtilities": {
        "type": "Transitive",
        "resolved": "17.13.0",
        "contentHash": "bFZ3uAhosdXjyXKURDQy37fPosCJQwedB5DG/SzsXL1QXsrfsIYty2kQMqCRRUqm8sBZBRHWRp4BT9SmpWXcKQ=="
      },
      "Microsoft.TestPlatform.ObjectModel": {
        "type": "Transitive",
        "resolved": "18.0.1",
        "contentHash": "qT/mwMcLF9BieRkzOBPL2qCopl8hQu6A1P7JWAoj/FMu5i9vds/7cjbJ/LLtaiwWevWLAeD5v5wjQJ/l6jvhWQ=="
      },
      "Microsoft.TestPlatform.TestHost": {
        "type": "Transitive",
        "resolved": "18.0.1",
        "contentHash": "uDJKAEjFTaa2wHdWlfo6ektyoh+WD4/Eesrwb4FpBFKsLGehhACVnwwTI4qD3FrIlIEPlxdXg3SyrYRIcO+RRQ==",
        "dependencies": {
          "Microsoft.TestPlatform.ObjectModel": "18.0.1",
          "Newtonsoft.Json": "13.0.3"
        }
      },
      "MSTest.Analyzers": {
        "type": "Transitive",
        "resolved": "3.10.2",
        "contentHash": "WS9GHohjOzf653bqCSxplq3T25LAwFVeVrgLuotTiPDu+bO5bD7RgvXbkLqRqZGE2Qyuk/dbQpqa18PYAMXjMg=="
      },
      "Newtonsoft.Json": {
        "type": "Transitive",
        "resolved": "13.0.3",
        "contentHash": "HrC5BXdl00IP9zeV+0Z848QWPAoCr9P3bDEZguI+gkLcBKAOxix/tLEAAHC+UvDNPv4a2d18lOReHMOagPa+zQ=="
      }
    },
    "net10.0/linux-x64": {
      "Microsoft.Testing.Extensions.CodeCoverage": {
        "type": "Direct",
        "requested": "[18.3.2, )",
        "resolved": "18.3.2",
        "contentHash": "EQ/Xt/zJzbFUfY9XFYjdPcKIPcSmE7xUS57CiiBK8tQ4LO1l2zs37ZXqCTYukBQbaGN0yT/OT5HIE+hJnNwkcw==",
        "dependencies": {
          "Microsoft.DiaSymReader": "2.0.0",
          "Microsoft.Extensions.DependencyModel": "6.0.2",
          "Microsoft.Testing.Platform": "2.0.2"
        }
      }
    },
    "net10.0/win-x64": {
      "Microsoft.Testing.Extensions.CodeCoverage": {
        "type": "Direct",
        "requested": "[18.3.2, )",
        "resolved": "18.3.2",
        "contentHash": "EQ/Xt/zJzbFUfY9XFYjdPcKIPcSmE7xUS57CiiBK8tQ4LO1l2zs37ZXqCTYukBQbaGN0yT/OT5HIE+hJnNwkcw==",
        "dependencies": {
          "Microsoft.DiaSymReader": "2.0.0",
          "Microsoft.Extensions.DependencyModel": "6.0.2",
          "Microsoft.Testing.Platform": "2.0.2"
        }
      }
    }
  }
}